Microsoft Visual Studio Solution File, Format Version 12.00
# Visual Studio Version 17
VisualStudioVersion = 17.5.2.0
MinimumVisualStudioVersion = 10.0.40219.1
Project("{FAE04EC0-301F-11D3-BF4B-00C04F79EFBC}") = "af-test", "af-test.csproj", "{0CBA1A32-4951-4DFC-9E8E-1F184911C9EB}"
EndProject
Global
	GlobalSection(SolutionConfigurationPlatforms) = preSolution
		Debug|Any CPU = Debug|Any CPU
		Release|Any CPU = Release|Any CPU
	EndGlobalSection
	GlobalSection(ProjectConfigurationPlatforms) = postSolution
		{0CBA1A32-4951-4DFC-9E8E-1F184911C9EB}.Debug|Any CPU.ActiveCfg = Debug|Any CPU
		{0CBA1A32-4951-4DFC-9E8E-1F184911C9EB}.Debug|Any CPU.Build.0 = Debug|Any CPU
		{0CBA1A32-4951-4DFC-9E8E-1F184911C9EB}.Release|Any CPU.ActiveCfg = Release|Any CPU
		{0CBA1A32-4951-4DFC-9E8E-1F184911C9EB}.Release|Any CPU.Build.0 = Release|Any CPU
	EndGlobalSection
	GlobalSection(SolutionProperties) = preSolution
		HideSolutionNode = FALSE
	EndGlobalSection
	GlobalSection(ExtensibilityGlobals) = postSolution
		SolutionGuid = {59B5C382-5ACE-400D-9842-F6717CAB1FA5}
	EndGlobalSection
EndGlobal
